
Microsoft Visual Studio Solution File, Format Version 11.00
# Visual Studio 2010
Project("{FAE04EC0-301F-11D3-BF4B-00C04F79EFBC}") = "SlideOutPractice", "SlideOutPractice\SlideOutPractice.csproj", "{1A65AEB2-EE7E-4E5A-B973-74537690AE08}"
EndProject
Global
	GlobalSection(SolutionConfigurationPlatforms) = preSolution
		Debug|iPhoneSimulator = Debug|iPhoneSimulator
		Release|iPhoneSimulator = Release|iPhoneSimulator
		Debug|iPhone = Debug|iPhone
		Release|iPhone = Release|iPhone
		Ad-Hoc|iPhone = Ad-Hoc|iPhone
		AppStore|iPhone = AppStore|iPhone
	EndGlobalSection
	GlobalSection(ProjectConfigurationPlatforms) = postSolution
		{1A65AEB2-EE7E-4E5A-B973-74537690AE08}.Ad-Hoc|iPhone.ActiveCfg = Ad-Hoc|iPhone
		{1A65AEB2-EE7E-4E5A-B973-74537690AE08}.Ad-Hoc|iPhone.Build.0 = Ad-Hoc|iPhone
		{1A65AEB2-EE7E-4E5A-B973-74537690AE08}.AppStore|iPhone.ActiveCfg = AppStore|iPhone
		{1A65AEB2-EE7E-4E5A-B973-74537690AE08}.AppStore|iPhone.Build.0 = AppStore|iPhone
		{1A65AEB2-EE7E-4E5A-B973-74537690AE08}.Debug|iPhone.ActiveCfg = Debug|iPhone
		{1A65AEB2-EE7E-4E5A-B973-74537690AE08}.Debug|iPhone.Build.0 = Debug|iPhone
		{1A65AEB2-EE7E-4E5A-B973-74537690AE08}.Debug|iPhoneSimulator.ActiveCfg = Debug|iPhoneSimulator
		{1A65AEB2-EE7E-4E5A-B973-74537690AE08}.Debug|iPhoneSimulator.Build.0 = Debug|iPhoneSimulator
		{1A65AEB2-EE7E-4E5A-B973-74537690AE08}.Release|iPhone.ActiveCfg = Release|iPhone
		{1A65AEB2-EE7E-4E5A-B973-74537690AE08}.Release|iPhone.Build.0 = Release|iPhone
		{1A65AEB2-EE7E-4E5A-B973-74537690AE08}.Release|iPhoneSimulator.ActiveCfg = Release|iPhoneSimulator
		{1A65AEB2-EE7E-4E5A-B973-74537690AE08}.Release|iPhoneSimulator.Build.0 = Release|iPhoneSimulator
	EndGlobalSection
	GlobalSection(MonoDevelopProperties) = preSolution
		StartupItem = SlideOutPractice\SlideOutPractice.csproj
	EndGlobalSection
EndGlobal
